PODS:
  - app_links (6.4.1):
    - Flutter
  - Flutter (1.0.0)
  - flutter_localization (0.0.1):
    - Flutter
  - flutter_udid (0.0.1):
    - Flutter
    - KeychainAccess
  - image_picker_ios (0.0.1):
    - Flutter
  - KeychainAccess (4.2.2)
  - objective_c (0.0.1):
    - Flutter
  - shared_preferences_foundation (0.0.1):
    - Flutter
    - FlutterMacOS
  - url_launcher_ios (0.0.1):
    - Flutter

DEPENDENCIES:
  - app_links (from `.symlinks/plugins/app_links/ios`)
  - Flutter (from `Flutter`)
  - flutter_localization (from `.symlinks/plugins/flutter_localization/ios`)
  - flutter_udid (from `.symlinks/plugins/flutter_udid/ios`)
  - image_picker_ios (from `.symlinks/plugins/image_picker_ios/ios`)
  - objective_c (from `.symlinks/plugins/objective_c/ios`)
  - shared_preferences_foundation (from `.symlinks/plugins/shared_preferences_foundation/darwin`)
  - url_launcher_ios (from `.symlinks/plugins/url_launcher_ios/ios`)

SPEC REPOS:
  trunk:
    - KeychainAccess

EXTERNAL SOURCES:
  app_links:
    :path: ".symlinks/plugins/app_links/ios"
  Flutter:
    :path: Flutter
  flutter_localization:
    :path: ".symlinks/plugins/flutter_localization/ios"
  flutter_udid:
    :path: ".symlinks/plugins/flutter_udid/ios"
  image_picker_ios:
    :path: ".symlinks/plugins/image_picker_ios/ios"
  objective_c:
    :path: ".symlinks/plugins/objective_c/ios"
  shared_preferences_foundation:
    :path: ".symlinks/plugins/shared_preferences_foundation/darwin"
  url_launcher_ios:
    :path: ".symlinks/plugins/url_launcher_ios/ios"

SPEC CHECKSUMS:
  app_links: 3dbc685f76b1693c66a6d9dd1e9ab6f73d97dc0a
  Flutter: cabc95a1d2626b1b06e7179b784ebcf0c0cde467
  flutter_localization: 72299fb6cb4e51cae587bd953ed0b958040b71e6
  flutter_udid: 92a5d31fe0526b7b6002a2318df702e12e7eb300
  image_picker_ios: e0ece4aa2a75771a7de3fa735d26d90817041326
  KeychainAccess: c0c4f7f38f6fc7bbe58f5702e25f7bd2f65abf51
  objective_c: 89e720c30d716b036faf9c9684022048eee1eee2
  shared_preferences_foundation: 7036424c3d8ec98dfe75ff1667cb0cd531ec82bb
  url_launcher_ios: 7a95fa5b60cc718a708b8f2966718e93db0cef1b

PODFILE CHECKSUM: 3c63482e143d1b91d2d2560aee9fb04ecc74ac7e

COCOAPODS: 1.16.2
